
Microsoft Visual Studio Solution File, Format Version 12.00
# Visual Studio Version 16
VisualStudioVersion = 16.0.30523.141
MinimumVisualStudioVersion = 10.0.40219.1
Project("{FAE04EC0-301F-11D3-BF4B-00C04F79EFBC}") = "CarSpeed", "CarSpeed.csproj", "{DB55523D-0EA6-4232-8C40-4F23D246246A}"
EndProject
Global
	GlobalSection(SolutionConfigurationPlatforms) = preSolution
		Debug|Any CPU = Debug|Any CPU
		Release|Any CPU = Release|Any CPU
	EndGlobalSection
	GlobalSection(ProjectConfigurationPlatforms) = postSolution
		{DB55523D-0EA6-4232-8C40-4F23D246246A}.Debug|Any CPU.ActiveCfg = Debug|Any CPU
		{DB55523D-0EA6-4232-8C40-4F23D246246A}.Debug|Any CPU.Build.0 = Debug|Any CPU
		{DB55523D-0EA6-4232-8C40-4F23D246246A}.Release|Any CPU.ActiveCfg = Release|Any CPU
		{DB55523D-0EA6-4232-8C40-4F23D246246A}.Release|Any CPU.Build.0 = Release|Any CPU
	EndGlobalSection
	GlobalSection(SolutionProperties) = preSolution
		HideSolutionNode = FALSE
	EndGlobalSection
	GlobalSection(ExtensibilityGlobals) = postSolution
		SolutionGuid = {E4181B5E-07C0-4351-848A-E747867283A5}
	EndGlobalSection
EndGlobal
